// !$*UTF8*$!
{
	archiveVersion = 1;
	classes = {
	};
	objectVersion = 52;
	objects = {

/* Begin PBXBuildFile section */
		C54CD937252B325900AF43E4 /* AppDelegate.swift in Sources */ = {isa = PBXBuildFile; fileRef = C54CD936252B325900AF43E4 /* AppDelegate.swift */; };
		C54CD939252B325900AF43E4 /* SceneDelegate.swift in Sources */ = {isa = PBXBuildFile; fileRef = C54CD938252B325900AF43E4 /* SceneDelegate.swift */; };
		C54CD93B252B325900AF43E4 /* ViewController.swift in Sources */ = {isa = PBXBuildFile; fileRef = C54CD93A252B325900AF43E4 /* ViewController.swift */; };
		C54CD93E252B325900AF43E4 /* Main.storyboard in Resources */ = {isa = PBXBuildFile; fileRef = C54CD93C252B325900AF43E4 /* Main.storyboard */; };
		C54CD940252B325C00AF43E4 /* Assets.xcassets in Resources */ = {isa = PBXBuildFile; fileRef = C54CD93F252B325C00AF43E4 /* Assets.xcassets */; };
		C54CD943252B325C00AF43E4 /* LaunchScreen.storyboard in Resources */ = {isa = PBXBuildFile; fileRef = C54CD941252B325C00AF43E4 /* LaunchScreen.storyboard */; };
		C5A36747257518A800748475 /* Interface.storyboard in Resources */ = {isa = PBXBuildFile; fileRef = C5A36745257518A800748475 /* Interface.storyboard */; };
		C5A36749257518AA00748475 /* Assets.xcassets in Resources */ = {isa = PBXBuildFile; fileRef = C5A36748257518AA00748475 /* Assets.xcassets */; };
		C5A36750257518AA00748475 /* CalcPlusPlusWatch Extension.appex in Embed App Extensions */ = {isa = PBXBuildFile; fileRef = C5A3674F257518AA00748475 /* CalcPlusPlusWatch Extension.appex */; settings = {ATTRIBUTES = (RemoveHeadersOnCopy, ); }; };
		C5A36755257518AA00748475 /* InterfaceController.swift in Sources */ = {isa = PBXBuildFile; fileRef = C5A36754257518AA00748475 /* InterfaceController.swift */; };
		C5A36757257518AA00748475 /* ExtensionDelegate.swift in Sources */ = {isa = PBXBuildFile; fileRef = C5A36756257518AA00748475 /* ExtensionDelegate.swift */; };
		C5A36759257518AA00748475 /* ComplicationController.swift in Sources */ = {isa = PBXBuildFile; fileRef = C5A36758257518AA00748475 /* ComplicationController.swift */; };
		C5A3675B257518AB00748475 /* Assets.xcassets in Resources */ = {isa = PBXBuildFile; fileRef = C5A3675A257518AB00748475 /* Assets.xcassets */; };
		C5A3675F257518AB00748475 /* CalcPlusPlusWatch.app in Embed Watch Content */ = {isa = PBXBuildFile; fileRef = C5A36743257518A800748475 /* CalcPlusPlusWatch.app */; platformFilter = ios; settings = {ATTRIBUTES = (RemoveHeadersOnCopy, ); }; };
/* End PBXBuildFile section */

/* Begin PBXContainerItemProxy section */
		C5A36751257518AA00748475 /* PBXContainerItemProxy */ = {
			isa = PBXContainerItemProxy;
			containerPortal = C54CD92B252B325900AF43E4 /* Project object */;
			proxyType = 1;
			remoteGlobalIDString = C5A3674E257518AA00748475;
			remoteInfo = "CalcPlusPlusWatch Extension";
		};
		C5A3675D257518AB00748475 /* PBXContainerItemProxy */ = {
			isa = PBXContainerItemProxy;
			containerPortal = C54CD92B252B325900AF43E4 /* Project object */;
			proxyType = 1;
			remoteGlobalIDString = C5A36742257518A800748475;
			remoteInfo = CalcPlusPlusWatch;
		};
/* End PBXContainerItemProxy section */

/* Begin PBXCopyFilesBuildPhase section */
		C5A36763257518AB00748475 /* Embed App Extensions */ = {
			isa = PBXCopyFilesBuildPhase;
			buildActionMask = 2147483647;
			dstPath = "";
			dstSubfolderSpec = 13;
			files = (
				C5A36750257518AA00748475 /* CalcPlusPlusWatch Extension.appex in Embed App Extensions */,
			);
			name = "Embed App Extensions";
			runOnlyForDeploymentPostprocessing = 0;
		};
		C5A36767257518AB00748475 /* Embed Watch Content */ = {
			isa = PBXCopyFilesBuildPhase;
			buildActionMask = 2147483647;
			dstPath = "$(CONTENTS_FOLDER_PATH)/Watch";
			dstSubfolderSpec = 16;
			files = (
				C5A3675F257518AB00748475 /* CalcPlusPlusWatch.app in Embed Watch Content */,
			);
			name = "Embed Watch Content";
			runOnlyForDeploymentPostprocessing = 0;
		};
/* End PBXCopyFilesBuildPhase section */

/* Begin PBXFileReference section */
		C5414A3C252DE30C00CB72DB /* CalcPlusPlus.entitlements */ = {isa = PBXFileReference; lastKnownFileType = text.plist.entitlements; path = CalcPlusPlus.entitlements; sourceTree = "<group>"; };
		C54CD933252B325900AF43E4 /* CalcPlusPlus.app */ = {isa = PBXFileReference; explicitFileType = wrapper.application; includeInIndex = 0; path = CalcPlusPlus.app; sourceTree = BUILT_PRODUCTS_DIR; };
		C54CD936252B325900AF43E4 /* AppDelegate.swift */ = {isa = PBXFileReference; lastKnownFileType = sourcecode.swift; path = AppDelegate.swift; sourceTree = "<group>"; };
		C54CD938252B325900AF43E4 /* SceneDelegate.swift */ = {isa = PBXFileReference; lastKnownFileType = sourcecode.swift; path = SceneDelegate.swift; sourceTree = "<group>"; };
		C54CD93A252B325900AF43E4 /* ViewController.swift */ = {isa = PBXFileReference; lastKnownFileType = sourcecode.swift; path = ViewController.swift; sourceTree = "<group>"; };
		C54CD93D252B325900AF43E4 /* Base */ = {isa = PBXFileReference; lastKnownFileType = file.storyboard; name = Base; path = Base.lproj/Main.storyboard; sourceTree = "<group>"; };
		C54CD93F252B325C00AF43E4 /* Assets.xcassets */ = {isa = PBXFileReference; lastKnownFileType = folder.assetcatalog; path = Assets.xcassets; sourceTree = "<group>"; };
		C54CD942252B325C00AF43E4 /* Base */ = {isa = PBXFileReference; lastKnownFileType = file.storyboard; name = Base; path = Base.lproj/LaunchScreen.storyboard; sourceTree = "<group>"; };
		C54CD944252B325C00AF43E4 /* Info.plist */ = {isa = PBXFileReference; lastKnownFileType = text.plist.xml; path = Info.plist; sourceTree = "<group>"; };
		C5A36743257518A800748475 /* CalcPlusPlusWatch.app */ = {isa = PBXFileReference; explicitFileType = wrapper.application; includeInIndex = 0; path = CalcPlusPlusWatch.app; sourceTree = BUILT_PRODUCTS_DIR; };
		C5A36746257518A800748475 /* Base */ = {isa = PBXFileReference; lastKnownFileType = file.storyboard; name = Base; path = Base.lproj/Interface.storyboard; sourceTree = "<group>"; };
		C5A36748257518AA00748475 /* Assets.xcassets */ = {isa = PBXFileReference; lastKnownFileType = folder.assetcatalog; path = Assets.xcassets; sourceTree = "<group>"; };
		C5A3674A257518AA00748475 /* Info.plist */ = {isa = PBXFileReference; lastKnownFileType = text.plist.xml; path = Info.plist; sourceTree = "<group>"; };
		C5A3674F257518AA00748475 /* CalcPlusPlusWatch Extension.appex */ = {isa = PBXFileReference; explicitFileType = "wrapper.app-extension"; includeInIndex = 0; path = "CalcPlusPlusWatch Extension.appex"; sourceTree = BUILT_PRODUCTS_DIR; };
		C5A36754257518AA00748475 /* InterfaceController.swift */ = {isa = PBXFileReference; lastKnownFileType = sourcecode.swift; path = InterfaceController.swift; sourceTree = "<group>"; };
		C5A36756257518AA00748475 /* ExtensionDelegate.swift */ = {isa = PBXFileReference; lastKnownFileType = sourcecode.swift; path = ExtensionDelegate.swift; sourceTree = "<group>"; };
		C5A36758257518AA00748475 /* ComplicationController.swift */ = {isa = PBXFileReference; lastKnownFileType = sourcecode.swift; path = ComplicationController.swift; sourceTree = "<group>"; };
		C5A3675A257518AB00748475 /* Assets.xcassets */ = {isa = PBXFileReference; lastKnownFileType = folder.assetcatalog; path = Assets.xcassets; sourceTree = "<group>"; };
		C5A3675C257518AB00748475 /* Info.plist */ = {isa = PBXFileReference; lastKnownFileType = text.plist.xml; path = Info.plist; sourceTree = "<group>"; };
/* End PBXFileReference section */

/* Begin PBXFrameworksBuildPhase section */
		C54CD930252B325900AF43E4 /* Frameworks */ = {
			isa = PBXFrameworksBuildPhase;
			buildActionMask = 2147483647;
			files = (
			);
			runOnlyForDeploymentPostprocessing = 0;
		};
		C5A3674C257518AA00748475 /* Frameworks */ = {
			isa = PBXFrameworksBuildPhase;
			buildActionMask = 2147483647;
			files = (
			);
			runOnlyForDeploymentPostprocessing = 0;
		};
/* End PBXFrameworksBuildPhase section */

/* Begin PBXGroup section */
		C54CD92A252B325900AF43E4 = {
			isa = PBXGroup;
			children = (
				C54CD935252B325900AF43E4 /* CalcPlusPlus */,
				C5A36744257518A800748475 /* CalcPlusPlusWatch */,
				C5A36753257518AA00748475 /* CalcPlusPlusWatch Extension */,
				C54CD934252B325900AF43E4 /* Products */,
			);
			sourceTree = "<group>";
		};
		C54CD934252B325900AF43E4 /* Products */ = {
			isa = PBXGroup;
			children = (
				C54CD933252B325900AF43E4 /* CalcPlusPlus.app */,
				C5A36743257518A800748475 /* CalcPlusPlusWatch.app */,
				C5A3674F257518AA00748475 /* CalcPlusPlusWatch Extension.appex */,
			);
			name = Products;
			sourceTree = "<group>";
		};
		C54CD935252B325900AF43E4 /* CalcPlusPlus */ = {
			isa = PBXGroup;
			children = (
				C5414A3C252DE30C00CB72DB /* CalcPlusPlus.entitlements */,
				C54CD936252B325900AF43E4 /* AppDelegate.swift */,
				C54CD938252B325900AF43E4 /* SceneDelegate.swift */,
				C54CD93A252B325900AF43E4 /* ViewController.swift */,
				C54CD93C252B325900AF43E4 /* Main.storyboard */,
				C54CD93F252B325C00AF43E4 /* Assets.xcassets */,
				C54CD941252B325C00AF43E4 /* LaunchScreen.storyboard */,
				C54CD944252B325C00AF43E4 /* Info.plist */,
			);
			path = CalcPlusPlus;
			sourceTree = "<group>";
		};
		C5A36744257518A800748475 /* CalcPlusPlusWatch */ = {
			isa = PBXGroup;
			children = (
				C5A36745257518A800748475 /* Interface.storyboard */,
				C5A36748257518AA00748475 /* Assets.xcassets */,
				C5A3674A257518AA00748475 /* Info.plist */,
			);
			path = CalcPlusPlusWatch;
			sourceTree = "<group>";
		};
		C5A36753257518AA00748475 /* CalcPlusPlusWatch Extension */ = {
			isa = PBXGroup;
			children = (
				C5A36754257518AA00748475 /* InterfaceController.swift */,
				C5A36756257518AA00748475 /* ExtensionDelegate.swift */,
				C5A36758257518AA00748475 /* ComplicationController.swift */,
				C5A3675A257518AB00748475 /* Assets.xcassets */,
				C5A3675C257518AB00748475 /* Info.plist */,
			);
			path = "CalcPlusPlusWatch Extension";
			sourceTree = "<group>";
		};
/* End PBXGroup section */

/* Begin PBXNativeTarget section */
		C54CD932252B325900AF43E4 /* CalcPlusPlus */ = {
			isa = PBXNativeTarget;
			buildConfigurationList = C54CD947252B325C00AF43E4 /* Build configuration list for PBXNativeTarget "CalcPlusPlus" */;
			buildPhases = (
				C54CD92F252B325900AF43E4 /* Sources */,
				C54CD930252B325900AF43E4 /* Frameworks */,
				C54CD931252B325900AF43E4 /* Resources */,
				C5A36767257518AB00748475 /* Embed Watch Content */,
			);
			buildRules = (
			);
			dependencies = (
				C5A3675E257518AB00748475 /* PBXTargetDependency */,
			);
			name = CalcPlusPlus;
			productName = CalcPlusPlus;
			productReference = C54CD933252B325900AF43E4 /* CalcPlusPlus.app */;
			productType = "com.apple.product-type.application";
		};
		C5A36742257518A800748475 /* CalcPlusPlusWatch */ = {
			isa = PBXNativeTarget;
			buildConfigurationList = C5A36764257518AB00748475 /* Build configuration list for PBXNativeTarget "CalcPlusPlusWatch" */;
			buildPhases = (
				C5A36741257518A800748475 /* Resources */,
				C5A36763257518AB00748475 /* Embed App Extensions */,
			);
			buildRules = (
			);
			dependencies = (
				C5A36752257518AA00748475 /* PBXTargetDependency */,
			);
			name = CalcPlusPlusWatch;
			productName = CalcPlusPlusWatch;
			productReference = C5A36743257518A800748475 /* CalcPlusPlusWatch.app */;
			productType = "com.apple.product-type.application.watchapp2";
		};
		C5A3674E257518AA00748475 /* CalcPlusPlusWatch Extension */ = {
			isa = PBXNativeTarget;
			buildConfigurationList = C5A36760257518AB00748475 /* Build configuration list for PBXNativeTarget "CalcPlusPlusWatch Extension" */;
			buildPhases = (
				C5A3674B257518AA00748475 /* Sources */,
				C5A3674C257518AA00748475 /* Frameworks */,
				C5A3674D257518AA00748475 /* Resources */,
			);
			buildRules = (
			);
			dependencies = (
			);
			name = "CalcPlusPlusWatch Extension";
			productName = "CalcPlusPlusWatch Extension";
			productReference = C5A3674F257518AA00748475 /* CalcPlusPlusWatch Extension.appex */;
			productType = "com.apple.product-type.watchkit2-extension";
		};
/* End PBXNativeTarget section */

/* Begin PBXProject section */
		C54CD92B252B325900AF43E4 /* Project object */ = {
			isa = PBXProject;
			attributes = {
				LastSwiftUpdateCheck = 1220;
				LastUpgradeCheck = 1200;
				TargetAttributes = {
					C54CD932252B325900AF43E4 = {
						CreatedOnToolsVersion = 12.0.1;
					};
					C5A36742257518A800748475 = {
						CreatedOnToolsVersion = 12.2;
					};
					C5A3674E257518AA00748475 = {
						CreatedOnToolsVersion = 12.2;
					};
				};
			};
			buildConfigurationList = C54CD92E252B325900AF43E4 /* Build configuration list for PBXProject "CalcPlusPlus" */;
			compatibilityVersion = "Xcode 9.3";
			developmentRegion = en;
			hasScannedForEncodings = 0;
			knownRegions = (
				en,
				Base,
			);
			mainGroup = C54CD92A252B325900AF43E4;
			productRefGroup = C54CD934252B325900AF43E4 /* Products */;
			projectDirPath = "";
			projectRoot = "";
			targets = (
				C54CD932252B325900AF43E4 /* CalcPlusPlus */,
				C5A36742257518A800748475 /* CalcPlusPlusWatch */,
				C5A3674E257518AA00748475 /* CalcPlusPlusWatch Extension */,
			);
		};
/* End PBXProject section */

/* Begin PBXResourcesBuildPhase section */
		C54CD931252B325900AF43E4 /* Resources */ = {
			isa = PBXResourcesBuildPhase;
			buildActionMask = 2147483647;
			files = (
				C54CD943252B325C00AF43E4 /* LaunchScreen.storyboard in Resources */,
				C54CD940252B325C00AF43E4 /* Assets.xcassets in Resources */,
				C54CD93E252B325900AF43E4 /* Main.storyboard in Resources */,
			);
			runOnlyForDeploymentPostprocessing = 0;
		};
		C5A36741257518A800748475 /* Resources */ = {
			isa = PBXResourcesBuildPhase;
			buildActionMask = 2147483647;
			files = (
				C5A36749257518AA00748475 /* Assets.xcassets in Resources */,
				C5A36747257518A800748475 /* Interface.storyboard in Resources */,
			);
			runOnlyForDeploymentPostprocessing = 0;
		};
		C5A3674D257518AA00748475 /* Resources */ = {
			isa = PBXResourcesBuildPhase;
			buildActionMask = 2147483647;
			files = (
				C5A3675B257518AB00748475 /* Assets.xcassets in Resources */,
			);
			runOnlyForDeploymentPostprocessing = 0;
		};
/* End PBXResourcesBuildPhase section */

/* Begin PBXSourcesBuildPhase section */
		C54CD92F252B325900AF43E4 /* Sources */ = {
			isa = PBXSourcesBuildPhase;
			buildActionMask = 2147483647;
			files = (
				C54CD93B252B325900AF43E4 /* ViewController.swift in Sources */,
				C54CD937252B325900AF43E4 /* AppDelegate.swift in Sources */,
				C54CD939252B325900AF43E4 /* SceneDelegate.swift in Sources */,
			);
			runOnlyForDeploymentPostprocessing = 0;
		};
		C5A3674B257518AA00748475 /* Sources */ = {
			isa = PBXSourcesBuildPhase;
			buildActionMask = 2147483647;
			files = (
				C5A36757257518AA00748475 /* ExtensionDelegate.swift in Sources */,
				C5A36755257518AA00748475 /* InterfaceController.swift in Sources */,
				C5A36759257518AA00748475 /* ComplicationController.swift in Sources */,
			);
			runOnlyForDeploymentPostprocessing = 0;
		};
/* End PBXSourcesBuildPhase section */

/* Begin PBXTargetDependency section */
		C5A36752257518AA00748475 /* PBXTargetDependency */ = {
			isa = PBXTargetDependency;
			target = C5A3674E257518AA00748475 /* CalcPlusPlusWatch Extension */;
			targetProxy = C5A36751257518AA00748475 /* PBXContainerItemProxy */;
		};
		C5A3675E257518AB00748475 /* PBXTargetDependency */ = {
			isa = PBXTargetDependency;
			platformFilter = ios;
			target = C5A36742257518A800748475 /* CalcPlusPlusWatch */;
			targetProxy = C5A3675D257518AB00748475 /* PBXContainerItemProxy */;
		};
/* End PBXTargetDependency section */

/* Begin PBXVariantGroup section */
		C54CD93C252B325900AF43E4 /* Main.storyboard */ = {
			isa = PBXVariantGroup;
			children = (
				C54CD93D252B325900AF43E4 /* Base */,
			);
			name = Main.storyboard;
			sourceTree = "<group>";
		};
		C54CD941252B325C00AF43E4 /* LaunchScreen.storyboard */ = {
			isa = PBXVariantGroup;
			children = (
				C54CD942252B325C00AF43E4 /* Base */,
			);
			name = LaunchScreen.storyboard;
			sourceTree = "<group>";
		};
		C5A36745257518A800748475 /* Interface.storyboard */ = {
			isa = PBXVariantGroup;
			children = (
				C5A36746257518A800748475 /* Base */,
			);
			name = Interface.storyboard;
			sourceTree = "<group>";
		};
/* End PBXVariantGroup section */

/* Begin XCBuildConfiguration section */
		C54CD945252B325C00AF43E4 /* Debug */ = {
			isa = XCBuildConfiguration;
			buildSettings = {
				ALWAYS_SEARCH_USER_PATHS = NO;
				CLANG_ANALYZER_NONNULL = YES;
				CLANG_ANALYZER_NUMBER_OBJECT_CONVERSION = YES_AGGRESSIVE;
				CLANG_CXX_LANGUAGE_STANDARD = "gnu++14";
				CLANG_CXX_LIBRARY = "libc++";
				CLANG_ENABLE_MODULES = YES;
				CLANG_ENABLE_OBJC_ARC = YES;
				CLANG_ENABLE_OBJC_WEAK = YES;
				CLANG_WARN_BLOCK_CAPTURE_AUTORELEASING = YES;
				CLANG_WARN_BOOL_CONVERSION = YES;
				CLANG_WARN_COMMA = YES;
				CLANG_WARN_CONSTANT_CONVERSION = YES;
				CLANG_WARN_DEPRECATED_OBJC_IMPLEMENTATIONS = YES;
				CLANG_WARN_DIRECT_OBJC_ISA_USAGE = YES_ERROR;
				CLANG_WARN_DOCUMENTATION_COMMENTS = YES;
				CLANG_WARN_EMPTY_BODY = YES;
				CLANG_WARN_ENUM_CONVERSION = YES;
				CLANG_WARN_INFINITE_RECURSION = YES;
				CLANG_WARN_INT_CONVERSION = YES;
				CLANG_WARN_NON_LITERAL_NULL_CONVERSION = YES;
				CLANG_WARN_OBJC_IMPLICIT_RETAIN_SELF = YES;
				CLANG_WARN_OBJC_LITERAL_CONVERSION = YES;
				CLANG_WARN_OBJC_ROOT_CLASS = YES_ERROR;
				CLANG_WARN_QUOTED_INCLUDE_IN_FRAMEWORK_HEADER = YES;
				CLANG_WARN_RANGE_LOOP_ANALYSIS = YES;
				CLANG_WARN_STRICT_PROTOTYPES = YES;
				CLANG_WARN_SUSPICIOUS_MOVE = YES;
				CLANG_WARN_UNGUARDED_AVAILABILITY = YES_AGGRESSIVE;
				CLANG_WARN_UNREACHABLE_CODE = YES;
				CLANG_WARN__DUPLICATE_METHOD_MATCH = YES;
				COPY_PHASE_STRIP = NO;
				DEBUG_INFORMATION_FORMAT = dwarf;
				ENABLE_STRICT_OBJC_MSGSEND = YES;
				ENABLE_TESTABILITY = YES;
				GCC_C_LANGUAGE_STANDARD = gnu11;
				GCC_DYNAMIC_NO_PIC = NO;
				GCC_NO_COMMON_BLOCKS = YES;
				GCC_OPTIMIZATION_LEVEL = 0;
				GCC_PREPROCESSOR_DEFINITIONS = (
					"DEBUG=1",
					"$(inherited)",
				);
				GCC_WARN_64_TO_32_BIT_CONVERSION = YES;
				GCC_WARN_ABOUT_RETURN_TYPE = YES_ERROR;
				GCC_WARN_UNDECLARED_SELECTOR = YES;
				GCC_WARN_UNINITIALIZED_AUTOS = YES_AGGRESSIVE;
				GCC_WARN_UNUSED_FUNCTION = YES;
				GCC_WARN_UNUSED_VARIABLE = YES;
				IPHONEOS_DEPLOYMENT_TARGET = 14.0;
				MTL_ENABLE_DEBUG_INFO = INCLUDE_SOURCE;
				MTL_FAST_MATH = YES;
				ONLY_ACTIVE_ARCH = YES;
				SDKROOT = iphoneos;
				SWIFT_ACTIVE_COMPILATION_CONDITIONS = DEBUG;
				SWIFT_OPTIMIZATION_LEVEL = "-Onone";
			};
			name = Debug;
		};
		C54CD946252B325C00AF43E4 /* Release */ = {
			isa = XCBuildConfiguration;
			buildSettings = {
				ALWAYS_SEARCH_USER_PATHS = NO;
				CLANG_ANALYZER_NONNULL = YES;
				CLANG_ANALYZER_NUMBER_OBJECT_CONVERSION = YES_AGGRESSIVE;
				CLANG_CXX_LANGUAGE_STANDARD = "gnu++14";
				CLANG_CXX_LIBRARY = "libc++";
				CLANG_ENABLE_MODULES = YES;
				CLANG_ENABLE_OBJC_ARC = YES;
				CLANG_ENABLE_OBJC_WEAK = YES;
				CLANG_WARN_BLOCK_CAPTURE_AUTORELEASING = YES;
				CLANG_WARN_BOOL_CONVERSION = YES;
				CLANG_WARN_COMMA = YES;
				CLANG_WARN_CONSTANT_CONVERSION = YES;
				CLANG_WARN_DEPRECATED_OBJC_IMPLEMENTATIONS = YES;
				CLANG_WARN_DIRECT_OBJC_ISA_USAGE = YES_ERROR;
				CLANG_WARN_DOCUMENTATION_COMMENTS = YES;
				CLANG_WARN_EMPTY_BODY = YES;
				CLANG_WARN_ENUM_CONVERSION = YES;
				CLANG_WARN_INFINITE_RECURSION = YES;
				CLANG_WARN_INT_CONVERSION = YES;
				CLANG_WARN_NON_LITERAL_NULL_CONVERSION = YES;
				CLANG_WARN_OBJC_IMPLICIT_RETAIN_SELF = YES;
				CLANG_WARN_OBJC_LITERAL_CONVERSION = YES;
				CLANG_WARN_OBJC_ROOT_CLASS = YES_ERROR;
				CLANG_WARN_QUOTED_INCLUDE_IN_FRAMEWORK_HEADER = YES;
				CLANG_WARN_RANGE_LOOP_ANALYSIS = YES;
				CLANG_WARN_STRICT_PROTOTYPES = YES;
				CLANG_WARN_SUSPICIOUS_MOVE = YES;
				CLANG_WARN_UNGUARDED_AVAILABILITY = YES_AGGRESSIVE;
				CLANG_WARN_UNREACHABLE_CODE = YES;
				CLANG_WARN__DUPLICATE_METHOD_MATCH = YES;
				COPY_PHASE_STRIP = NO;
				DEBUG_INFORMATION_FORMAT = "dwarf-with-dsym";
				ENABLE_NS_ASSERTIONS = NO;
				ENABLE_STRICT_OBJC_MSGSEND = YES;
				GCC_C_LANGUAGE_STANDARD = gnu11;
				GCC_NO_COMMON_BLOCKS = YES;
				GCC_WARN_64_TO_32_BIT_CONVERSION = YES;
				GCC_WARN_ABOUT_RETURN_TYPE = YES_ERROR;
				GCC_WARN_UNDECLARED_SELECTOR = YES;
				GCC_WARN_UNINITIALIZED_AUTOS = YES_AGGRESSIVE;
				GCC_WARN_UNUSED_FUNCTION = YES;
				GCC_WARN_UNUSED_VARIABLE = YES;
				IPHONEOS_DEPLOYMENT_TARGET = 14.0;
				MTL_ENABLE_DEBUG_INFO = NO;
				MTL_FAST_MATH = YES;
				SDKROOT = iphoneos;
				SWIFT_COMPILATION_MODE = wholemodule;
				SWIFT_OPTIMIZATION_LEVEL = "-O";
				VALIDATE_PRODUCT = YES;
			};
			name = Release;
		};
		C54CD948252B325C00AF43E4 /* Debug */ = {
			isa = XCBuildConfiguration;
			buildSettings = {
				ASSETCATALOG_COMPILER_APPICON_NAME = AppIcon;
				ASSETCATALOG_COMPILER_GLOBAL_ACCENT_COLOR_NAME = AccentColor;
				CODE_SIGN_ENTITLEMENTS = CalcPlusPlus/CalcPlusPlus.entitlements;
				CODE_SIGN_STYLE = Automatic;
				CURRENT_PROJECT_VERSION = 2213;
				DEVELOPMENT_TEAM = SED69PSTK5;
				INFOPLIST_FILE = CalcPlusPlus/Info.plist;
				IPHONEOS_DEPLOYMENT_TARGET = 14.0;
				"IPHONEOS_DEPLOYMENT_TARGET[sdk=macosx*]" = 13.1;
				LD_RUNPATH_SEARCH_PATHS = (
					"$(inherited)",
					"@executable_path/Frameworks",
				);
				MARKETING_VERSION = 2.0.3;
				PRODUCT_BUNDLE_IDENTIFIER = com.EasonsTekDevelopment.CalculPlusPlus;
				PRODUCT_NAME = "$(TARGET_NAME)";
				SUPPORTS_MACCATALYST = YES;
				SUPPORTS_MAC_DESIGNED_FOR_IPHONE_IPAD = NO;
				SWIFT_OPTIMIZATION_LEVEL = "-O";
				SWIFT_VERSION = 5.0;
				TARGETED_DEVICE_FAMILY = "1,2";
			};
			name = Debug;
		};
		C54CD949252B325C00AF43E4 /* Release */ = {
			isa = XCBuildConfiguration;
			buildSettings = {
				ASSETCATALOG_COMPILER_APPICON_NAME = AppIcon;
				ASSETCATALOG_COMPILER_GLOBAL_ACCENT_COLOR_NAME = AccentColor;
				CODE_SIGN_ENTITLEMENTS = CalcPlusPlus/CalcPlusPlus.entitlements;
				CODE_SIGN_STYLE = Automatic;
				CURRENT_PROJECT_VERSION = 2213;
				DEVELOPMENT_TEAM = SED69PSTK5;
				INFOPLIST_FILE = CalcPlusPlus/Info.plist;
				IPHONEOS_DEPLOYMENT_TARGET = 14.0;
				"IPHONEOS_DEPLOYMENT_TARGET[sdk=macosx*]" = 13.1;
				LD_RUNPATH_SEARCH_PATHS = (
					"$(inherited)",
					"@executable_path/Frameworks",
				);
				MARKETING_VERSION = 2.0.3;
				PRODUCT_BUNDLE_IDENTIFIER = com.EasonsTekDevelopment.CalculPlusPlus;
				PRODUCT_NAME = "$(TARGET_NAME)";
				SUPPORTS_MACCATALYST = YES;
				SUPPORTS_MAC_DESIGNED_FOR_IPHONE_IPAD = NO;
				SWIFT_VERSION = 5.0;
				TARGETED_DEVICE_FAMILY = "1,2";
			};
			name = Release;
		};
		C5A36761257518AB00748475 /* Debug */ = {
			isa = XCBuildConfiguration;
			buildSettings = {
				ASSETCATALOG_COMPILER_COMPLICATION_NAME = Complication;
				CODE_SIGN_STYLE = Automatic;
				CURRENT_PROJECT_VERSION = 2213;
				DEVELOPMENT_TEAM = SED69PSTK5;
				INFOPLIST_FILE = "CalcPlusPlusWatch Extension/Info.plist";
				LD_RUNPATH_SEARCH_PATHS = (
					"$(inherited)",
					"@executable_path/Frameworks",
					"@executable_path/../../Frameworks",
				);
				MARKETING_VERSION = 2.0.3;
				PRODUCT_BUNDLE_IDENTIFIER = com.EasonsTekDevelopment.CalculPlusPlus.watchkitapp.watchkitextension;
				PRODUCT_NAME = "${TARGET_NAME}";
				SDKROOT = watchos;
				SKIP_INSTALL = YES;
				SWIFT_VERSION = 5.0;
				TARGETED_DEVICE_FAMILY = 4;
				WATCHOS_DEPLOYMENT_TARGET = 7.1;
			};
			name = Debug;
		};
		C5A36762257518AB00748475 /* Release */ = {
			isa = XCBuildConfiguration;
			buildSettings = {
				ASSETCATALOG_COMPILER_COMPLICATION_NAME = Complication;
				CODE_SIGN_STYLE = Automatic;
				CURRENT_PROJECT_VERSION = 2213;
				DEVELOPMENT_TEAM = SED69PSTK5;
				INFOPLIST_FILE = "CalcPlusPlusWatch Extension/Info.plist";
				LD_RUNPATH_SEARCH_PATHS = (
					"$(inherited)",
					"@executable_path/Frameworks",
					"@executable_path/../../Frameworks",
				);
				MARKETING_VERSION = 2.0.3;
				PRODUCT_BUNDLE_IDENTIFIER = com.EasonsTekDevelopment.CalculPlusPlus.watchkitapp.watchkitextension;
				PRODUCT_NAME = "${TARGET_NAME}";
				SDKROOT = watchos;
				SKIP_INSTALL = YES;
				SWIFT_VERSION = 5.0;
				TARGETED_DEVICE_FAMILY = 4;
				WATCHOS_DEPLOYMENT_TARGET = 7.1;
			};
			name = Release;
		};
		C5A36765257518AB00748475 /* Debug */ = {
			isa = XCBuildConfiguration;
			buildSettings = {
				ALWAYS_EMBED_SWIFT_STANDARD_LIBRARIES = YES;
				ASSETCATALOG_COMPILER_APPICON_NAME = AppIcon;
				ASSETCATALOG_COMPILER_GLOBAL_ACCENT_COLOR_NAME = AccentColor;
				CODE_SIGN_STYLE = Automatic;
				CURRENT_PROJECT_VERSION = 2213;
				DEVELOPMENT_TEAM = SED69PSTK5;
				IBSC_MODULE = CalcPlusPlusWatch_Extension;
				INFOPLIST_FILE = CalcPlusPlusWatch/Info.plist;
				MARKETING_VERSION = 2.0.3;
				PRODUCT_BUNDLE_IDENTIFIER = com.EasonsTekDevelopment.CalculPlusPlus.watchkitapp;
				PRODUCT_NAME = "$(TARGET_NAME)";
				SDKROOT = watchos;
				SKIP_INSTALL = YES;
				SWIFT_VERSION = 5.0;
				TARGETED_DEVICE_FAMILY = 4;
				WATCHOS_DEPLOYMENT_TARGET = 7.1;
			};
			name = Debug;
		};
		C5A36766257518AB00748475 /* Release */ = {
			isa = XCBuildConfiguration;
			buildSettings = {
				ALWAYS_EMBED_SWIFT_STANDARD_LIBRARIES = YES;
				ASSETCATALOG_COMPILER_APPICON_NAME = AppIcon;
				ASSETCATALOG_COMPILER_GLOBAL_ACCENT_COLOR_NAME = AccentColor;
				CODE_SIGN_STYLE = Automatic;
				CURRENT_PROJECT_VERSION = 2213;
				DEVELOPMENT_TEAM = SED69PSTK5;
				IBSC_MODULE = CalcPlusPlusWatch_Extension;
				INFOPLIST_FILE = CalcPlusPlusWatch/Info.plist;
				MARKETING_VERSION = 2.0.3;
				PRODUCT_BUNDLE_IDENTIFIER = com.EasonsTekDevelopment.CalculPlusPlus.watchkitapp;
				PRODUCT_NAME = "$(TARGET_NAME)";
				SDKROOT = watchos;
				SKIP_INSTALL = YES;
				SWIFT_VERSION = 5.0;
				TARGETED_DEVICE_FAMILY = 4;
				WATCHOS_DEPLOYMENT_TARGET = 7.1;
			};
			name = Release;
		};
/* End XCBuildConfiguration section */

/* Begin XCConfigurationList section */
		C54CD92E252B325900AF43E4 /* Build configuration list for PBXProject "CalcPlusPlus" */ = {
			isa = XCConfigurationList;
			buildConfigurations = (
				C54CD945252B325C00AF43E4 /* Debug */,
				C54CD946252B325C00AF43E4 /* Release */,
			);
			defaultConfigurationIsVisible = 0;
			defaultConfigurationName = Release;
		};
		C54CD947252B325C00AF43E4 /* Build configuration list for PBXNativeTarget "CalcPlusPlus" */ = {
			isa = XCConfigurationList;
			buildConfigurations = (
				C54CD948252B325C00AF43E4 /* Debug */,
				C54CD949252B325C00AF43E4 /* Release */,
			);
			defaultConfigurationIsVisible = 0;
			defaultConfigurationName = Release;
		};
		C5A36760257518AB00748475 /* Build configuration list for PBXNativeTarget "CalcPlusPlusWatch Extension" */ = {
			isa = XCConfigurationList;
			buildConfigurations = (
				C5A36761257518AB00748475 /* Debug */,
				C5A36762257518AB00748475 /* Release */,
			);
			defaultConfigurationIsVisible = 0;
			defaultConfigurationName = Release;
		};
		C5A36764257518AB00748475 /* Build configuration list for PBXNativeTarget "CalcPlusPlusWatch" */ = {
			isa = XCConfigurationList;
			buildConfigurations = (
				C5A36765257518AB00748475 /* Debug */,
				C5A36766257518AB00748475 /* Release */,
			);
			defaultConfigurationIsVisible = 0;
			defaultConfigurationName = Release;
		};
/* End XCConfigurationList section */
	};
	rootObject = C54CD92B252B325900AF43E4 /* Project object */;
}
